
Microsoft Visual Studio Solution File, Format Version 12.00
# Visual Studio Version 16
VisualStudioVersion = 16.0.31205.134
MinimumVisualStudioVersion = 10.0.40219.1
Project("{FAE04EC0-301F-11D3-BF4B-00C04F79EFBC}") = "Assignment7", "Assignment7\Assignment7.csproj", "{1A4AD708-FC4A-486B-8D87-28B314C00E62}"
EndProject
Project("{FAE04EC0-301F-11D3-BF4B-00C04F79EFBC}") = "Assignment7.Tests", "Assignment7.Tests\Assignment7.Tests.csproj", "{47AD0A7F-65F1-4397-8393-AC489DCE0676}"
EndProject
Global
	GlobalSection(SolutionConfigurationPlatforms) = preSolution
		Debug|Any CPU = Debug|Any CPU
		Release|Any CPU = Release|Any CPU
	EndGlobalSection
	GlobalSection(ProjectConfigurationPlatforms) = postSolution
		{1A4AD708-FC4A-486B-8D87-28B314C00E62}.Debug|Any CPU.ActiveCfg = Debug|Any CPU
		{1A4AD708-FC4A-486B-8D87-28B314C00E62}.Debug|Any CPU.Build.0 = Debug|Any CPU
		{1A4AD708-FC4A-486B-8D87-28B314C00E62}.Release|Any CPU.ActiveCfg = Release|Any CPU
		{1A4AD708-FC4A-486B-8D87-28B314C00E62}.Release|Any CPU.Build.0 = Release|Any CPU
		{47AD0A7F-65F1-4397-8393-AC489DCE0676}.Debug|Any CPU.ActiveCfg = Debug|Any CPU
		{47AD0A7F-65F1-4397-8393-AC489DCE0676}.Debug|Any CPU.Build.0 = Debug|Any CPU
		{47AD0A7F-65F1-4397-8393-AC489DCE0676}.Release|Any CPU.ActiveCfg = Release|Any CPU
		{47AD0A7F-65F1-4397-8393-AC489DCE0676}.Release|Any CPU.Build.0 = Release|Any CPU
	EndGlobalSection
	GlobalSection(SolutionProperties) = preSolution
		HideSolutionNode = FALSE
	EndGlobalSection
	GlobalSection(ExtensibilityGlobals) = postSolution
		SolutionGuid = {DD004BF6-634A-48D4-A39D-96E81A77F40E}
	EndGlobalSection
EndGlobal
