
Microsoft Visual Studio Solution File, Format Version 12.00
# Visual Studio Version 16
VisualStudioVersion = 16.0.29709.97
MinimumVisualStudioVersion = 10.0.40219.1
Project("{FAE04EC0-301F-11D3-BF4B-00C04F79EFBC}") = "MocksExercise", "MocksExercise.csproj", "{4547478F-1DDA-4CBA-9A8E-2090F434F195}"
EndProject
Project("{FAE04EC0-301F-11D3-BF4B-00C04F79EFBC}") = "UnitTests", "..\UnitTests\UnitTests.csproj", "{4EE84290-5078-4F30-AC3E-577964692F09}"
EndProject
Global
	GlobalSection(SolutionConfigurationPlatforms) = preSolution
		Debug|Any CPU = Debug|Any CPU
		Release|Any CPU = Release|Any CPU
	EndGlobalSection
	GlobalSection(ProjectConfigurationPlatforms) = postSolution
		{4547478F-1DDA-4CBA-9A8E-2090F434F195}.Debug|Any CPU.ActiveCfg = Debug|Any CPU
		{4547478F-1DDA-4CBA-9A8E-2090F434F195}.Debug|Any CPU.Build.0 = Debug|Any CPU
		{4547478F-1DDA-4CBA-9A8E-2090F434F195}.Release|Any CPU.ActiveCfg = Release|Any CPU
		{4547478F-1DDA-4CBA-9A8E-2090F434F195}.Release|Any CPU.Build.0 = Release|Any CPU
		{4EE84290-5078-4F30-AC3E-577964692F09}.Debug|Any CPU.ActiveCfg = Debug|Any CPU
		{4EE84290-5078-4F30-AC3E-577964692F09}.Debug|Any CPU.Build.0 = Debug|Any CPU
		{4EE84290-5078-4F30-AC3E-577964692F09}.Release|Any CPU.ActiveCfg = Release|Any CPU
		{4EE84290-5078-4F30-AC3E-577964692F09}.Release|Any CPU.Build.0 = Release|Any CPU
	EndGlobalSection
	GlobalSection(SolutionProperties) = preSolution
		HideSolutionNode = FALSE
	EndGlobalSection
	GlobalSection(ExtensibilityGlobals) = postSolution
		SolutionGuid = {79529031-6E4C-4F82-AB48-B845D18A83DA}
	EndGlobalSection
EndGlobal
